// !$*UTF8*$!
{
	archiveVersion = 1;
	classes = {
	};
	objectVersion = 50;
	objects = {

/* Begin PBXBuildFile section */
		D96D1492251F51C400D61F17 /* AppDelegate.swift in Sources */ = {isa = PBXBuildFile; fileRef = D96D1491251F51C400D61F17 /* AppDelegate.swift */; };
		D96D1494251F51C400D61F17 /* SceneDelegate.swift in Sources */ = {isa = PBXBuildFile; fileRef = D96D1493251F51C400D61F17 /* SceneDelegate.swift */; };
		D96D1496251F51C400D61F17 /* ContentView.swift in Sources */ = {isa = PBXBuildFile; fileRef = D96D1495251F51C400D61F17 /* ContentView.swift */; };
		D96D1498251F51CE00D61F17 /* Assets.xcassets in Resources */ = {isa = PBXBuildFile; fileRef = D96D1497251F51CE00D61F17 /* Assets.xcassets */; };
		D96D149B251F51CE00D61F17 /* Preview Assets.xcassets in Resources */ = {isa = PBXBuildFile; fileRef = D96D149A251F51CE00D61F17 /* Preview Assets.xcassets */; };
		D96D149E251F51CE00D61F17 /* LaunchScreen.storyboard in Resources */ = {isa = PBXBuildFile; fileRef = D96D149C251F51CE00D61F17 /* LaunchScreen.storyboard */; };
		D96D14A6251F531400D61F17 /* SideBar.swift in Sources */ = {isa = PBXBuildFile; fileRef = D96D14A5251F531400D61F17 /* SideBar.swift */; };
		D96D14AA251F57CB00D61F17 /* FCEnumeration.swift in Sources */ = {isa = PBXBuildFile; fileRef = D96D14A9251F57CB00D61F17 /* FCEnumeration.swift */; };
		D96D14AC251F589C00D61F17 /* BaseView.swift in Sources */ = {isa = PBXBuildFile; fileRef = D96D14AB251F589C00D61F17 /* BaseView.swift */; };
		D96D14AE251F5B0800D61F17 /* SideBarListView.swift in Sources */ = {isa = PBXBuildFile; fileRef = D96D14AD251F5B0800D61F17 /* SideBarListView.swift */; };
/* End PBXBuildFile section */

/* Begin PBXFileReference section */
		D96D148E251F51C400D61F17 /* FCSideBar.app */ = {isa = PBXFileReference; explicitFileType = wrapper.application; includeInIndex = 0; path = FCSideBar.app; sourceTree = BUILT_PRODUCTS_DIR; };
		D96D1491251F51C400D61F17 /* AppDelegate.swift */ = {isa = PBXFileReference; lastKnownFileType = sourcecode.swift; path = AppDelegate.swift; sourceTree = "<group>"; };
		D96D1493251F51C400D61F17 /* SceneDelegate.swift */ = {isa = PBXFileReference; lastKnownFileType = sourcecode.swift; path = SceneDelegate.swift; sourceTree = "<group>"; };
		D96D1495251F51C400D61F17 /* ContentView.swift */ = {isa = PBXFileReference; lastKnownFileType = sourcecode.swift; path = ContentView.swift; sourceTree = "<group>"; };
		D96D1497251F51CE00D61F17 /* Assets.xcassets */ = {isa = PBXFileReference; lastKnownFileType = folder.assetcatalog; path = Assets.xcassets; sourceTree = "<group>"; };
		D96D149A251F51CE00D61F17 /* Preview Assets.xcassets */ = {isa = PBXFileReference; lastKnownFileType = folder.assetcatalog; path = "Preview Assets.xcassets"; sourceTree = "<group>"; };
		D96D149D251F51CE00D61F17 /* Base */ = {isa = PBXFileReference; lastKnownFileType = file.storyboard; name = Base; path = Base.lproj/LaunchScreen.storyboard; sourceTree = "<group>"; };
		D96D149F251F51CE00D61F17 /* Info.plist */ = {isa = PBXFileReference; lastKnownFileType = text.plist.xml; path = Info.plist; sourceTree = "<group>"; };
		D96D14A5251F531400D61F17 /* SideBar.swift */ = {isa = PBXFileReference; lastKnownFileType = sourcecode.swift; path = SideBar.swift; sourceTree = "<group>"; };
		D96D14A9251F57CB00D61F17 /* FCEnumeration.swift */ = {isa = PBXFileReference; lastKnownFileType = sourcecode.swift; path = FCEnumeration.swift; sourceTree = "<group>"; };
		D96D14AB251F589C00D61F17 /* BaseView.swift */ = {isa = PBXFileReference; lastKnownFileType = sourcecode.swift; path = BaseView.swift; sourceTree = "<group>"; };
		D96D14AD251F5B0800D61F17 /* SideBarListView.swift */ = {isa = PBXFileReference; lastKnownFileType = sourcecode.swift; path = SideBarListView.swift; sourceTree = "<group>"; };
/* End PBXFileReference section */

/* Begin PBXFrameworksBuildPhase section */
		D96D148B251F51C400D61F17 /* Frameworks */ = {
			isa = PBXFrameworksBuildPhase;
			buildActionMask = 2147483647;
			files = (
			);
			runOnlyForDeploymentPostprocessing = 0;
		};
/* End PBXFrameworksBuildPhase section */

/* Begin PBXGroup section */
		D96D1485251F51C400D61F17 = {
			isa = PBXGroup;
			children = (
				D96D1490251F51C400D61F17 /* FCSideBar */,
				D96D148F251F51C400D61F17 /* Products */,
			);
			sourceTree = "<group>";
		};
		D96D148F251F51C400D61F17 /* Products */ = {
			isa = PBXGroup;
			children = (
				D96D148E251F51C400D61F17 /* FCSideBar.app */,
			);
			name = Products;
			sourceTree = "<group>";
		};
		D96D1490251F51C400D61F17 /* FCSideBar */ = {
			isa = PBXGroup;
			children = (
				D96D1491251F51C400D61F17 /* AppDelegate.swift */,
				D96D1493251F51C400D61F17 /* SceneDelegate.swift */,
				D96D1495251F51C400D61F17 /* ContentView.swift */,
				D96D14AD251F5B0800D61F17 /* SideBarListView.swift */,
				D96D14AB251F589C00D61F17 /* BaseView.swift */,
				D96D1497251F51CE00D61F17 /* Assets.xcassets */,
				D96D149C251F51CE00D61F17 /* LaunchScreen.storyboard */,
				D96D149F251F51CE00D61F17 /* Info.plist */,
				D96D1499251F51CE00D61F17 /* Preview Content */,
				D96D14A5251F531400D61F17 /* SideBar.swift */,
				D96D14A9251F57CB00D61F17 /* FCEnumeration.swift */,
			);
			path = FCSideBar;
			sourceTree = "<group>";
		};
		D96D1499251F51CE00D61F17 /* Preview Content */ = {
			isa = PBXGroup;
			children = (
				D96D149A251F51CE00D61F17 /* Preview Assets.xcassets */,
			);
			path = "Preview Content";
			sourceTree = "<group>";
		};
/* End PBXGroup section */

/* Begin PBXNativeTarget section */
		D96D148D251F51C400D61F17 /* FCSideBar */ = {
			isa = PBXNativeTarget;
			buildConfigurationList = D96D14A2251F51CE00D61F17 /* Build configuration list for PBXNativeTarget "FCSideBar" */;
			buildPhases = (
				D96D148A251F51C400D61F17 /* Sources */,
				D96D148B251F51C400D61F17 /* Frameworks */,
				D96D148C251F51C400D61F17 /* Resources */,
			);
			buildRules = (
			);
			dependencies = (
			);
			name = FCSideBar;
			productName = FCSideBar;
			productReference = D96D148E251F51C400D61F17 /* FCSideBar.app */;
			productType = "com.apple.product-type.application";
		};
/* End PBXNativeTarget section */

/* Begin PBXProject section */
		D96D1486251F51C400D61F17 /* Project object */ = {
			isa = PBXProject;
			attributes = {
				LastSwiftUpdateCheck = 1150;
				LastUpgradeCheck = 1150;
				ORGANIZATIONNAME = "Kavinkumar Veerakumar";
				TargetAttributes = {
					D96D148D251F51C400D61F17 = {
						CreatedOnToolsVersion = 11.5;
					};
				};
			};
			buildConfigurationList = D96D1489251F51C400D61F17 /* Build configuration list for PBXProject "FCSideBar" */;
			compatibilityVersion = "Xcode 9.3";
			developmentRegion = en;
			hasScannedForEncodings = 0;
			knownRegions = (
				en,
				Base,
			);
			mainGroup = D96D1485251F51C400D61F17;
			productRefGroup = D96D148F251F51C400D61F17 /* Products */;
			projectDirPath = "";
			projectRoot = "";
			targets = (
				D96D148D251F51C400D61F17 /* FCSideBar */,
			);
		};
/* End PBXProject section */

/* Begin PBXResourcesBuildPhase section */
		D96D148C251F51C400D61F17 /* Resources */ = {
			isa = PBXResourcesBuildPhase;
			buildActionMask = 2147483647;
			files = (
				D96D149E251F51CE00D61F17 /* LaunchScreen.storyboard in Resources */,
				D96D149B251F51CE00D61F17 /* Preview Assets.xcassets in Resources */,
				D96D1498251F51CE00D61F17 /* Assets.xcassets in Resources */,
			);
			runOnlyForDeploymentPostprocessing = 0;
		};
/* End PBXResourcesBuildPhase section */

/* Begin PBXSourcesBuildPhase section */
		D96D148A251F51C400D61F17 /* Sources */ = {
			isa = PBXSourcesBuildPhase;
			buildActionMask = 2147483647;
			files = (
				D96D1492251F51C400D61F17 /* AppDelegate.swift in Sources */,
				D96D1494251F51C400D61F17 /* SceneDelegate.swift in Sources */,
				D96D14AE251F5B0800D61F17 /* SideBarListView.swift in Sources */,
				D96D14A6251F531400D61F17 /* SideBar.swift in Sources */,
				D96D14AC251F589C00D61F17 /* BaseView.swift in Sources */,
				D96D14AA251F57CB00D61F17 /* FCEnumeration.swift in Sources */,
				D96D1496251F51C400D61F17 /* ContentView.swift in Sources */,
			);
			runOnlyForDeploymentPostprocessing = 0;
		};
/* End PBXSourcesBuildPhase section */

/* Begin PBXVariantGroup section */
		D96D149C251F51CE00D61F17 /* LaunchScreen.storyboard */ = {
			isa = PBXVariantGroup;
			children = (
				D96D149D251F51CE00D61F17 /* Base */,
			);
			name = LaunchScreen.storyboard;
			sourceTree = "<group>";
		};
/* End PBXVariantGroup section */

/* Begin XCBuildConfiguration section */
		D96D14A0251F51CE00D61F17 /* Debug */ = {
			isa = XCBuildConfiguration;
			buildSettings = {
				ALWAYS_SEARCH_USER_PATHS = NO;
				CLANG_ANALYZER_NONNULL = YES;
				CLANG_ANALYZER_NUMBER_OBJECT_CONVERSION = YES_AGGRESSIVE;
				CLANG_CXX_LANGUAGE_STANDARD = "gnu++14";
				CLANG_CXX_LIBRARY = "libc++";
				CLANG_ENABLE_MODULES = YES;
				CLANG_ENABLE_OBJC_ARC = YES;
				CLANG_ENABLE_OBJC_WEAK = YES;
				CLANG_WARN_BLOCK_CAPTURE_AUTORELEASING = YES;
				CLANG_WARN_BOOL_CONVERSION = YES;
				CLANG_WARN_COMMA = YES;
				CLANG_WARN_CONSTANT_CONVERSION = YES;
				CLANG_WARN_DEPRECATED_OBJC_IMPLEMENTATIONS = YES;
				CLANG_WARN_DIRECT_OBJC_ISA_USAGE = YES_ERROR;
				CLANG_WARN_DOCUMENTATION_COMMENTS = YES;
				CLANG_WARN_EMPTY_BODY = YES;
				CLANG_WARN_ENUM_CONVERSION = YES;
				CLANG_WARN_INFINITE_RECURSION = YES;
				CLANG_WARN_INT_CONVERSION = YES;
				CLANG_WARN_NON_LITERAL_NULL_CONVERSION = YES;
				CLANG_WARN_OBJC_IMPLICIT_RETAIN_SELF = YES;
				CLANG_WARN_OBJC_LITERAL_CONVERSION = YES;
				CLANG_WARN_OBJC_ROOT_CLASS = YES_ERROR;
				CLANG_WARN_RANGE_LOOP_ANALYSIS = YES;
				CLANG_WARN_STRICT_PROTOTYPES = YES;
				CLANG_WARN_SUSPICIOUS_MOVE = YES;
				CLANG_WARN_UNGUARDED_AVAILABILITY = YES_AGGRESSIVE;
				CLANG_WARN_UNREACHABLE_CODE = YES;
				CLANG_WARN__DUPLICATE_METHOD_MATCH = YES;
				COPY_PHASE_STRIP = NO;
				DEBUG_INFORMATION_FORMAT = dwarf;
				ENABLE_STRICT_OBJC_MSGSEND = YES;
				ENABLE_TESTABILITY = YES;
				GCC_C_LANGUAGE_STANDARD = gnu11;
				GCC_DYNAMIC_NO_PIC = NO;
				GCC_NO_COMMON_BLOCKS = YES;
				GCC_OPTIMIZATION_LEVEL = 0;
				GCC_PREPROCESSOR_DEFINITIONS = (
					"DEBUG=1",
					"$(inherited)",
				);
				GCC_WARN_64_TO_32_BIT_CONVERSION = YES;
				GCC_WARN_ABOUT_RETURN_TYPE = YES_ERROR;
				GCC_WARN_UNDECLARED_SELECTOR = YES;
				GCC_WARN_UNINITIALIZED_AUTOS = YES_AGGRESSIVE;
				GCC_WARN_UNUSED_FUNCTION = YES;
				GCC_WARN_UNUSED_VARIABLE = YES;
				IPHONEOS_DEPLOYMENT_TARGET = 13.5;
				MTL_ENABLE_DEBUG_INFO = INCLUDE_SOURCE;
				MTL_FAST_MATH = YES;
				ONLY_ACTIVE_ARCH = YES;
				SDKROOT = iphoneos;
				SWIFT_ACTIVE_COMPILATION_CONDITIONS = DEBUG;
				SWIFT_OPTIMIZATION_LEVEL = "-Onone";
			};
			name = Debug;
		};
		D96D14A1251F51CE00D61F17 /* Release */ = {
			isa = XCBuildConfiguration;
			buildSettings = {
				ALWAYS_SEARCH_USER_PATHS = NO;
				CLANG_ANALYZER_NONNULL = YES;
				CLANG_ANALYZER_NUMBER_OBJECT_CONVERSION = YES_AGGRESSIVE;
				CLANG_CXX_LANGUAGE_STANDARD = "gnu++14";
				CLANG_CXX_LIBRARY = "libc++";
				CLANG_ENABLE_MODULES = YES;
				CLANG_ENABLE_OBJC_ARC = YES;
				CLANG_ENABLE_OBJC_WEAK = YES;
				CLANG_WARN_BLOCK_CAPTURE_AUTORELEASING = YES;
				CLANG_WARN_BOOL_CONVERSION = YES;
				CLANG_WARN_COMMA = YES;
				CLANG_WARN_CONSTANT_CONVERSION = YES;
				CLANG_WARN_DEPRECATED_OBJC_IMPLEMENTATIONS = YES;
				CLANG_WARN_DIRECT_OBJC_ISA_USAGE = YES_ERROR;
				CLANG_WARN_DOCUMENTATION_COMMENTS = YES;
				CLANG_WARN_EMPTY_BODY = YES;
				CLANG_WARN_ENUM_CONVERSION = YES;
				CLANG_WARN_INFINITE_RECURSION = YES;
				CLANG_WARN_INT_CONVERSION = YES;
				CLANG_WARN_NON_LITERAL_NULL_CONVERSION = YES;
				CLANG_WARN_OBJC_IMPLICIT_RETAIN_SELF = YES;
				CLANG_WARN_OBJC_LITERAL_CONVERSION = YES;
				CLANG_WARN_OBJC_ROOT_CLASS = YES_ERROR;
				CLANG_WARN_RANGE_LOOP_ANALYSIS = YES;
				CLANG_WARN_STRICT_PROTOTYPES = YES;
				CLANG_WARN_SUSPICIOUS_MOVE = YES;
				CLANG_WARN_UNGUARDED_AVAILABILITY = YES_AGGRESSIVE;
				CLANG_WARN_UNREACHABLE_CODE = YES;
				CLANG_WARN__DUPLICATE_METHOD_MATCH = YES;
				COPY_PHASE_STRIP = NO;
				DEBUG_INFORMATION_FORMAT = "dwarf-with-dsym";
				ENABLE_NS_ASSERTIONS = NO;
				ENABLE_STRICT_OBJC_MSGSEND = YES;
				GCC_C_LANGUAGE_STANDARD = gnu11;
				GCC_NO_COMMON_BLOCKS = YES;
				GCC_WARN_64_TO_32_BIT_CONVERSION = YES;
				GCC_WARN_ABOUT_RETURN_TYPE = YES_ERROR;
				GCC_WARN_UNDECLARED_SELECTOR = YES;
				GCC_WARN_UNINITIALIZED_AUTOS = YES_AGGRESSIVE;
				GCC_WARN_UNUSED_FUNCTION = YES;
				GCC_WARN_UNUSED_VARIABLE = YES;
				IPHONEOS_DEPLOYMENT_TARGET = 13.5;
				MTL_ENABLE_DEBUG_INFO = NO;
				MTL_FAST_MATH = YES;
				SDKROOT = iphoneos;
				SWIFT_COMPILATION_MODE = wholemodule;
				SWIFT_OPTIMIZATION_LEVEL = "-O";
				VALIDATE_PRODUCT = YES;
			};
			name = Release;
		};
		D96D14A3251F51CE00D61F17 /* Debug */ = {
			isa = XCBuildConfiguration;
			buildSettings = {
				ASSETCATALOG_COMPILER_APPICON_NAME = AppIcon;
				CODE_SIGN_STYLE = Automatic;
				DEVELOPMENT_ASSET_PATHS = "\"FCSideBar/Preview Content\"";
				DEVELOPMENT_TEAM = BS596U7T78;
				ENABLE_PREVIEWS = YES;
				INFOPLIST_FILE = FCSideBar/Info.plist;
				LD_RUNPATH_SEARCH_PATHS = (
					"$(inherited)",
					"@executable_path/Frameworks",
				);
				PRODUCT_BUNDLE_IDENTIFIER = Flawlesscode.in.FCSideBar;
				PRODUCT_NAME = "$(TARGET_NAME)";
				SWIFT_VERSION = 5.0;
				TARGETED_DEVICE_FAMILY = "1,2";
			};
			name = Debug;
		};
		D96D14A4251F51CE00D61F17 /* Release */ = {
			isa = XCBuildConfiguration;
			buildSettings = {
				ASSETCATALOG_COMPILER_APPICON_NAME = AppIcon;
				CODE_SIGN_STYLE = Automatic;
				DEVELOPMENT_ASSET_PATHS = "\"FCSideBar/Preview Content\"";
				DEVELOPMENT_TEAM = BS596U7T78;
				ENABLE_PREVIEWS = YES;
				INFOPLIST_FILE = FCSideBar/Info.plist;
				LD_RUNPATH_SEARCH_PATHS = (
					"$(inherited)",
					"@executable_path/Frameworks",
				);
				PRODUCT_BUNDLE_IDENTIFIER = Flawlesscode.in.FCSideBar;
				PRODUCT_NAME = "$(TARGET_NAME)";
				SWIFT_VERSION = 5.0;
				TARGETED_DEVICE_FAMILY = "1,2";
			};
			name = Release;
		};
/* End XCBuildConfiguration section */

/* Begin XCConfigurationList section */
		D96D1489251F51C400D61F17 /* Build configuration list for PBXProject "FCSideBar" */ = {
			isa = XCConfigurationList;
			buildConfigurations = (
				D96D14A0251F51CE00D61F17 /* Debug */,
				D96D14A1251F51CE00D61F17 /* Release */,
			);
			defaultConfigurationIsVisible = 0;
			defaultConfigurationName = Release;
		};
		D96D14A2251F51CE00D61F17 /* Build configuration list for PBXNativeTarget "FCSideBar" */ = {
			isa = XCConfigurationList;
			buildConfigurations = (
				D96D14A3251F51CE00D61F17 /* Debug */,
				D96D14A4251F51CE00D61F17 /* Release */,
			);
			defaultConfigurationIsVisible = 0;
			defaultConfigurationName = Release;
		};
/* End XCConfigurationList section */
	};
	rootObject = D96D1486251F51C400D61F17 /* Project object */;
}
